// !$*UTF8*$!
{
	archiveVersion = 1;
	classes = {
	};
	objectVersion = 46;
	objects = {

/* Begin PBXBuildFile section */
		D5379B031F59287E001355A6 /* RecipeDetailTableViewCell.swift in Sources */ = {isa = PBXBuildFile; fileRef = D5379B021F59287E001355A6 /* RecipeDetailTableViewCell.swift */; };
		D5659A521F53D032002A0444 /* SingleViewController.swift in Sources */ = {isa = PBXBuildFile; fileRef = D5659A511F53D032002A0444 /* SingleViewController.swift */; };
		D5659A541F53D449002A0444 /* RecipeCell.swift in Sources */ = {isa = PBXBuildFile; fileRef = D5659A531F53D449002A0444 /* RecipeCell.swift */; };
		D56E2D2D1F67B74600DA42E0 /* ReviewViewController.swift in Sources */ = {isa = PBXBuildFile; fileRef = D56E2D2C1F67B74600DA42E0 /* ReviewViewController.swift */; };
		D5B641791F4E8DF0008AECBA /* AppDelegate.swift in Sources */ = {isa = PBXBuildFile; fileRef = D5B641781F4E8DF0008AECBA /* AppDelegate.swift */; };
		D5B6417B1F4E8DF0008AECBA /* ViewController.swift in Sources */ = {isa = PBXBuildFile; fileRef = D5B6417A1F4E8DF0008AECBA /* ViewController.swift */; };
		D5B6417E1F4E8DF0008AECBA /* Main.storyboard in Resources */ = {isa = PBXBuildFile; fileRef = D5B6417C1F4E8DF0008AECBA /* Main.storyboard */; };
		D5B641801F4E8DF0008AECBA /* Assets.xcassets in Resources */ = {isa = PBXBuildFile; fileRef = D5B6417F1F4E8DF0008AECBA /* Assets.xcassets */; };
		D5B641831F4E8DF0008AECBA /* LaunchScreen.storyboard in Resources */ = {isa = PBXBuildFile; fileRef = D5B641811F4E8DF0008AECBA /* LaunchScreen.storyboard */; };
		D5B6418B1F4E98B2008AECBA /* Recipe.swift in Sources */ = {isa = PBXBuildFile; fileRef = D5B6418A1F4E98B2008AECBA /* Recipe.swift */; };
		D5E6BEF01F57DDAA00264512 /* DestinationViewController.swift in Sources */ = {isa = PBXBuildFile; fileRef = D5E6BEEF1F57DDAA00264512 /* DestinationViewController.swift */; };
/* End PBXBuildFile section */

/* Begin PBXFileReference section */
		D5379B021F59287E001355A6 /* RecipeDetailTableViewCell.swift */ = {isa = PBXFileReference; fileEncoding = 4; lastKnownFileType = sourcecode.swift; path = RecipeDetailTableViewCell.swift; sourceTree = "<group>"; };
		D5659A511F53D032002A0444 /* SingleViewController.swift */ = {isa = PBXFileReference; fileEncoding = 4; lastKnownFileType = sourcecode.swift; path = SingleViewController.swift; sourceTree = "<group>"; };
		D5659A531F53D449002A0444 /* RecipeCell.swift */ = {isa = PBXFileReference; fileEncoding = 4; lastKnownFileType = sourcecode.swift; path = RecipeCell.swift; sourceTree = "<group>"; };
		D56E2D2C1F67B74600DA42E0 /* ReviewViewController.swift */ = {isa = PBXFileReference; fileEncoding = 4; lastKnownFileType = sourcecode.swift; name = ReviewViewController.swift; path = ../ReviewViewController.swift; sourceTree = "<group>"; };
		D5B641751F4E8DF0008AECBA /* MisRecetas.app */ = {isa = PBXFileReference; explicitFileType = wrapper.application; includeInIndex = 0; path = MisRecetas.app; sourceTree = BUILT_PRODUCTS_DIR; };
		D5B641781F4E8DF0008AECBA /* AppDelegate.swift */ = {isa = PBXFileReference; lastKnownFileType = sourcecode.swift; path = AppDelegate.swift; sourceTree = "<group>"; };
		D5B6417A1F4E8DF0008AECBA /* ViewController.swift */ = {isa = PBXFileReference; lastKnownFileType = sourcecode.swift; path = ViewController.swift; sourceTree = "<group>"; };
		D5B6417D1F4E8DF0008AECBA /* Base */ = {isa = PBXFileReference; lastKnownFileType = file.storyboard; name = Base; path = Base.lproj/Main.storyboard; sourceTree = "<group>"; };
		D5B6417F1F4E8DF0008AECBA /* Assets.xcassets */ = {isa = PBXFileReference; lastKnownFileType = folder.assetcatalog; path = Assets.xcassets; sourceTree = "<group>"; };
		D5B641821F4E8DF0008AECBA /* Base */ = {isa = PBXFileReference; lastKnownFileType = file.storyboard; name = Base; path = Base.lproj/LaunchScreen.storyboard; sourceTree = "<group>"; };
		D5B641841F4E8DF0008AECBA /* Info.plist */ = {isa = PBXFileReference; lastKnownFileType = text.plist.xml; path = Info.plist; sourceTree = "<group>"; };
		D5B6418A1F4E98B2008AECBA /* Recipe.swift */ = {isa = PBXFileReference; fileEncoding = 4; lastKnownFileType = sourcecode.swift; path = Recipe.swift; sourceTree = "<group>"; };
		D5E6BEEF1F57DDAA00264512 /* DestinationViewController.swift */ = {isa = PBXFileReference; fileEncoding = 4; lastKnownFileType = sourcecode.swift; path = DestinationViewController.swift; sourceTree = "<group>"; };
/* End PBXFileReference section */

/* Begin PBXFrameworksBuildPhase section */
		D5B641721F4E8DF0008AECBA /* Frameworks */ = {
			isa = PBXFrameworksBuildPhase;
			buildActionMask = 2147483647;
			files = (
			);
			runOnlyForDeploymentPostprocessing = 0;
		};
/* End PBXFrameworksBuildPhase section */

/* Begin PBXGroup section */
		D5B6416C1F4E8DF0008AECBA = {
			isa = PBXGroup;
			children = (
				D5B641771F4E8DF0008AECBA /* MisRecetas */,
				D5B641761F4E8DF0008AECBA /* Products */,
			);
			sourceTree = "<group>";
		};
		D5B641761F4E8DF0008AECBA /* Products */ = {
			isa = PBXGroup;
			children = (
				D5B641751F4E8DF0008AECBA /* MisRecetas.app */,
			);
			name = Products;
			sourceTree = "<group>";
		};
		D5B641771F4E8DF0008AECBA /* MisRecetas */ = {
			isa = PBXGroup;
			children = (
				D5B641781F4E8DF0008AECBA /* AppDelegate.swift */,
				D5B6417A1F4E8DF0008AECBA /* ViewController.swift */,
				D5659A511F53D032002A0444 /* SingleViewController.swift */,
				D5B6418A1F4E98B2008AECBA /* Recipe.swift */,
				D5B6417C1F4E8DF0008AECBA /* Main.storyboard */,
				D5379B021F59287E001355A6 /* RecipeDetailTableViewCell.swift */,
				D56E2D2C1F67B74600DA42E0 /* ReviewViewController.swift */,
				D5E6BEEF1F57DDAA00264512 /* DestinationViewController.swift */,
				D5659A531F53D449002A0444 /* RecipeCell.swift */,
				D5B6417F1F4E8DF0008AECBA /* Assets.xcassets */,
				D5B641811F4E8DF0008AECBA /* LaunchScreen.storyboard */,
				D5B641841F4E8DF0008AECBA /* Info.plist */,
			);
			path = MisRecetas;
			sourceTree = "<group>";
		};
/* End PBXGroup section */

/* Begin PBXNativeTarget section */
		D5B641741F4E8DF0008AECBA /* MisRecetas */ = {
			isa = PBXNativeTarget;
			buildConfigurationList = D5B641871F4E8DF0008AECBA /* Build configuration list for PBXNativeTarget "MisRecetas" */;
			buildPhases = (
				D5B641711F4E8DF0008AECBA /* Sources */,
				D5B641721F4E8DF0008AECBA /* Frameworks */,
				D5B641731F4E8DF0008AECBA /* Resources */,
			);
			buildRules = (
			);
			dependencies = (
			);
			name = MisRecetas;
			productName = MisRecetas;
			productReference = D5B641751F4E8DF0008AECBA /* MisRecetas.app */;
			productType = "com.apple.product-type.application";
		};
/* End PBXNativeTarget section */

/* Begin PBXProject section */
		D5B6416D1F4E8DF0008AECBA /* Project object */ = {
			isa = PBXProject;
			attributes = {
				LastSwiftUpdateCheck = 0830;
				LastUpgradeCheck = 0830;
				ORGANIZATIONNAME = "Cesar Avila";
				TargetAttributes = {
					D5B641741F4E8DF0008AECBA = {
						CreatedOnToolsVersion = 8.3.3;
						DevelopmentTeam = PQA7KL9WLD;
						ProvisioningStyle = Automatic;
					};
				};
			};
			buildConfigurationList = D5B641701F4E8DF0008AECBA /* Build configuration list for PBXProject "MisRecetas" */;
			compatibilityVersion = "Xcode 3.2";
			developmentRegion = English;
			hasScannedForEncodings = 0;
			knownRegions = (
				en,
				Base,
			);
			mainGroup = D5B6416C1F4E8DF0008AECBA;
			productRefGroup = D5B641761F4E8DF0008AECBA /* Products */;
			projectDirPath = "";
			projectRoot = "";
			targets = (
				D5B641741F4E8DF0008AECBA /* MisRecetas */,
			);
		};
/* End PBXProject section */

/* Begin PBXResourcesBuildPhase section */
		D5B641731F4E8DF0008AECBA /* Resources */ = {
			isa = PBXResourcesBuildPhase;
			buildActionMask = 2147483647;
			files = (
				D5B641831F4E8DF0008AECBA /* LaunchScreen.storyboard in Resources */,
				D5B641801F4E8DF0008AECBA /* Assets.xcassets in Resources */,
				D5B6417E1F4E8DF0008AECBA /* Main.storyboard in Resources */,
			);
			runOnlyForDeploymentPostprocessing = 0;
		};
/* End PBXResourcesBuildPhase section */

/* Begin PBXSourcesBuildPhase section */
		D5B641711F4E8DF0008AECBA /* Sources */ = {
			isa = PBXSourcesBuildPhase;
			buildActionMask = 2147483647;
			files = (
				D5659A541F53D449002A0444 /* RecipeCell.swift in Sources */,
				D5E6BEF01F57DDAA00264512 /* DestinationViewController.swift in Sources */,
				D5B6418B1F4E98B2008AECBA /* Recipe.swift in Sources */,
				D5379B031F59287E001355A6 /* RecipeDetailTableViewCell.swift in Sources */,
				D5B6417B1F4E8DF0008AECBA /* ViewController.swift in Sources */,
				D5659A521F53D032002A0444 /* SingleViewController.swift in Sources */,
				D56E2D2D1F67B74600DA42E0 /* ReviewViewController.swift in Sources */,
				D5B641791F4E8DF0008AECBA /* AppDelegate.swift in Sources */,
			);
			runOnlyForDeploymentPostprocessing = 0;
		};
/* End PBXSourcesBuildPhase section */

/* Begin PBXVariantGroup section */
		D5B6417C1F4E8DF0008AECBA /* Main.storyboard */ = {
			isa = PBXVariantGroup;
			children = (
				D5B6417D1F4E8DF0008AECBA /* Base */,
			);
			name = Main.storyboard;
			sourceTree = "<group>";
		};
		D5B641811F4E8DF0008AECBA /* LaunchScreen.storyboard */ = {
			isa = PBXVariantGroup;
			children = (
				D5B641821F4E8DF0008AECBA /* Base */,
			);
			name = LaunchScreen.storyboard;
			sourceTree = "<group>";
		};
/* End PBXVariantGroup section */

/* Begin XCBuildConfiguration section */
		D5B641851F4E8DF0008AECBA /* Debug */ = {
			isa = XCBuildConfiguration;
			buildSettings = {
				ALWAYS_SEARCH_USER_PATHS = NO;
				CLANG_ANALYZER_NONNULL = YES;
				CLANG_ANALYZER_NUMBER_OBJECT_CONVERSION = YES_AGGRESSIVE;
				CLANG_CXX_LANGUAGE_STANDARD = "gnu++0x";
				CLANG_CXX_LIBRARY = "libc++";
				CLANG_ENABLE_MODULES = YES;
				CLANG_ENABLE_OBJC_ARC = YES;
				CLANG_WARN_BOOL_CONVERSION = YES;
				CLANG_WARN_CONSTANT_CONVERSION = YES;
				CLANG_WARN_DIRECT_OBJC_ISA_USAGE = YES_ERROR;
				CLANG_WARN_DOCUMENTATION_COMMENTS = YES;
				CLANG_WARN_EMPTY_BODY = YES;
				CLANG_WARN_ENUM_CONVERSION = YES;
				CLANG_WARN_INFINITE_RECURSION = YES;
				CLANG_WARN_INT_CONVERSION = YES;
				CLANG_WARN_OBJC_ROOT_CLASS = YES_ERROR;
				CLANG_WARN_SUSPICIOUS_MOVE = YES;
				CLANG_WARN_UNREACHABLE_CODE = YES;
				CLANG_WARN__DUPLICATE_METHOD_MATCH = YES;
				"CODE_SIGN_IDENTITY[sdk=iphoneos*]" = "iPhone Developer";
				COPY_PHASE_STRIP = NO;
				DEBUG_INFORMATION_FORMAT = dwarf;
				ENABLE_STRICT_OBJC_MSGSEND = YES;
				ENABLE_TESTABILITY = YES;
				GCC_C_LANGUAGE_STANDARD = gnu99;
				GCC_DYNAMIC_NO_PIC = NO;
				GCC_NO_COMMON_BLOCKS = YES;
				GCC_OPTIMIZATION_LEVEL = 0;
				GCC_PREPROCESSOR_DEFINITIONS = (
					"DEBUG=1",
					"$(inherited)",
				);
				GCC_WARN_64_TO_32_BIT_CONVERSION = YES;
				GCC_WARN_ABOUT_RETURN_TYPE = YES_ERROR;
				GCC_WARN_UNDECLARED_SELECTOR = YES;
				GCC_WARN_UNINITIALIZED_AUTOS = YES_AGGRESSIVE;
				GCC_WARN_UNUSED_FUNCTION = YES;
				GCC_WARN_UNUSED_VARIABLE = YES;
				IPHONEOS_DEPLOYMENT_TARGET = 10.3;
				MTL_ENABLE_DEBUG_INFO = YES;
				ONLY_ACTIVE_ARCH = YES;
				SDKROOT = iphoneos;
				SWIFT_ACTIVE_COMPILATION_CONDITIONS = DEBUG;
				SWIFT_OPTIMIZATION_LEVEL = "-Onone";
				TARGETED_DEVICE_FAMILY = "1,2";
			};
			name = Debug;
		};
		D5B641861F4E8DF0008AECBA /* Release */ = {
			isa = XCBuildConfiguration;
			buildSettings = {
				ALWAYS_SEARCH_USER_PATHS = NO;
				CLANG_ANALYZER_NONNULL = YES;
				CLANG_ANALYZER_NUMBER_OBJECT_CONVERSION = YES_AGGRESSIVE;
				CLANG_CXX_LANGUAGE_STANDARD = "gnu++0x";
				CLANG_CXX_LIBRARY = "libc++";
				CLANG_ENABLE_MODULES = YES;
				CLANG_ENABLE_OBJC_ARC = YES;
				CLANG_WARN_BOOL_CONVERSION = YES;
				CLANG_WARN_CONSTANT_CONVERSION = YES;
				CLANG_WARN_DIRECT_OBJC_ISA_USAGE = YES_ERROR;
				CLANG_WARN_DOCUMENTATION_COMMENTS = YES;
				CLANG_WARN_EMPTY_BODY = YES;
				CLANG_WARN_ENUM_CONVERSION = YES;
				CLANG_WARN_INFINITE_RECURSION = YES;
				CLANG_WARN_INT_CONVERSION = YES;
				CLANG_WARN_OBJC_ROOT_CLASS = YES_ERROR;
				CLANG_WARN_SUSPICIOUS_MOVE = YES;
				CLANG_WARN_UNREACHABLE_CODE = YES;
				CLANG_WARN__DUPLICATE_METHOD_MATCH = YES;
				"CODE_SIGN_IDENTITY[sdk=iphoneos*]" = "iPhone Developer";
				COPY_PHASE_STRIP = NO;
				DEBUG_INFORMATION_FORMAT = "dwarf-with-dsym";
				ENABLE_NS_ASSERTIONS = NO;
				ENABLE_STRICT_OBJC_MSGSEND = YES;
				GCC_C_LANGUAGE_STANDARD = gnu99;
				GCC_NO_COMMON_BLOCKS = YES;
				GCC_WARN_64_TO_32_BIT_CONVERSION = YES;
				GCC_WARN_ABOUT_RETURN_TYPE = YES_ERROR;
				GCC_WARN_UNDECLARED_SELECTOR = YES;
				GCC_WARN_UNINITIALIZED_AUTOS = YES_AGGRESSIVE;
				GCC_WARN_UNUSED_FUNCTION = YES;
				GCC_WARN_UNUSED_VARIABLE = YES;
				IPHONEOS_DEPLOYMENT_TARGET = 10.3;
				MTL_ENABLE_DEBUG_INFO = NO;
				SDKROOT = iphoneos;
				SWIFT_OPTIMIZATION_LEVEL = "-Owholemodule";
				TARGETED_DEVICE_FAMILY = "1,2";
				VALIDATE_PRODUCT = YES;
			};
			name = Release;
		};
		D5B641881F4E8DF0008AECBA /* Debug */ = {
			isa = XCBuildConfiguration;
			buildSettings = {
				ASSETCATALOG_COMPILER_APPICON_NAME = AppIcon;
				DEVELOPMENT_TEAM = PQA7KL9WLD;
				INFOPLIST_FILE = MisRecetas/Info.plist;
				IPHONEOS_DEPLOYMENT_TARGET = 11.0;
				LD_RUNPATH_SEARCH_PATHS = "$(inherited) @executable_path/Frameworks";
				PRODUCT_BUNDLE_IDENTIFIER = com.CesarAvila.MisRecetas;
				PRODUCT_NAME = "$(TARGET_NAME)";
				SWIFT_VERSION = 3.0;
			};
			name = Debug;
		};
		D5B641891F4E8DF0008AECBA /* Release */ = {
			isa = XCBuildConfiguration;
			buildSettings = {
				ASSETCATALOG_COMPILER_APPICON_NAME = AppIcon;
				DEVELOPMENT_TEAM = PQA7KL9WLD;
				INFOPLIST_FILE = MisRecetas/Info.plist;
				IPHONEOS_DEPLOYMENT_TARGET = 11.0;
				LD_RUNPATH_SEARCH_PATHS = "$(inherited) @executable_path/Frameworks";
				PRODUCT_BUNDLE_IDENTIFIER = com.CesarAvila.MisRecetas;
				PRODUCT_NAME = "$(TARGET_NAME)";
				SWIFT_VERSION = 3.0;
			};
			name = Release;
		};
/* End XCBuildConfiguration section */

/* Begin XCConfigurationList section */
		D5B641701F4E8DF0008AECBA /* Build configuration list for PBXProject "MisRecetas" */ = {
			isa = XCConfigurationList;
			buildConfigurations = (
				D5B641851F4E8DF0008AECBA /* Debug */,
				D5B641861F4E8DF0008AECBA /* Release */,
			);
			defaultConfigurationIsVisible = 0;
			defaultConfigurationName = Release;
		};
		D5B641871F4E8DF0008AECBA /* Build configuration list for PBXNativeTarget "MisRecetas" */ = {
			isa = XCConfigurationList;
			buildConfigurations = (
				D5B641881F4E8DF0008AECBA /* Debug */,
				D5B641891F4E8DF0008AECBA /* Release */,
			);
			defaultConfigurationIsVisible = 0;
			defaultConfigurationName = Release;
		};
/* End XCConfigurationList section */
	};
	rootObject = D5B6416D1F4E8DF0008AECBA /* Project object */;
}
